<?xml version="1.0" encoding="utf-8"?>
<Project ToolsVersion="4.0" xmlns="http://schemas.microsoft.com/developer/msbuild/2003">
  <ItemGroup>
    <ClInclude Include="Inc\Common.h" />
    <ClInclude Include="Src\Precompiled.h" />
    <ClInclude Include="Inc\KD.h" />
  </ItemGroup>
  <ItemGroup>
    <ClCompile Include="Src\Precompiled.cpp" />
  </ItemGroup>
</Project>