
Microsoft Visual Studio Solution File, Format Version 12.00
# Visual Studio 14
VisualStudioVersion = 14.0.25420.1
MinimumVisualStudioVersion = 10.0.40219.1
Project("{8BC9CEB8-8B4A-11D0-8D11-00A0C91BC942}") = "BST", "BST\BST.vcxproj", "{F36BBC08-BF49-4D3F-948E-A54D5502F66C}"
EndProject
Project("{8BC9CEB8-8B4A-11D0-8D11-00A0C91BC942}") = "Testing", "Testing\Testing.vcxproj", "{6B8BBBE1-4799-4751-9FC6-E2A68E28430F}"
EndProject
Project("{8BC9CEB8-8B4A-11D0-8D11-00A0C91BC942}") = "AVL", "AVL\AVL.vcxproj", "{BCC6AA0E-4754-4EED-8C48-32E1AB5A5C61}"
EndProject
Project("{8BC9CEB8-8B4A-11D0-8D11-00A0C91BC942}") = "Heap", "Heap\Heap.vcxproj", "{7F66966F-DCF4-4C50-B4E2-C709014F223E}"
EndProject
Project("{8BC9CEB8-8B4A-11D0-8D11-00A0C91BC942}") = "Math", "Math\Math.vcxproj", "{B4537184-E7D8-465E-90D1-27DA72203376}"
EndProject
Project("{8BC9CEB8-8B4A-11D0-8D11-00A0C91BC942}") = "Core", "Core\Core.vcxproj", "{56B26341-3C5B-4E9A-9219-43A818454660}"
EndProject
Project("{8BC9CEB8-8B4A-11D0-8D11-00A0C91BC942}") = "QuickSort", "QuickSort\QuickSort.vcxproj", "{4F5E1B2F-D6B8-49CF-9218-B4A89D02456F}"
EndProject
Project("{2150E333-8FDC-42A3-9474-1A3956D46DE8}") = "Trees", "Trees", "{CFAD4064-F009-4D6C-9DE0-3C52DD470BEB}"
EndProject
Project("{2150E333-8FDC-42A3-9474-1A3956D46DE8}") = "Library", "Library", "{369BCDC2-D3D7-4017-A134-638AA71C29DB}"
EndProject
Project("{2150E333-8FDC-42A3-9474-1A3956D46DE8}") = "Sorting", "Sorting", "{1E2196DB-6369-4884-B486-A68FCA27F777}"
EndProject
Project("{8BC9CEB8-8B4A-11D0-8D11-00A0C91BC942}") = "KD_Recursive", "KD_Recursive\KD_Recursive.vcxproj", "{83378A05-AACA-4D5B-A058-565081A22C54}"
EndProject
Project("{8BC9CEB8-8B4A-11D0-8D11-00A0C91BC942}") = "BeeTree", "BeeTree\BeeTree.vcxproj", "{3E833DEB-7384-4A39-89F3-C634A7938AF3}"
EndProject
Global
	GlobalSection(SolutionConfigurationPlatforms) = preSolution
		Debug|x64 = Debug|x64
		Debug|x86 = Debug|x86
		Release|x64 = Release|x64
		Release|x86 = Release|x86
	EndGlobalSection
	GlobalSection(ProjectConfigurationPlatforms) = postSolution
		{F36BBC08-BF49-4D3F-948E-A54D5502F66C}.Debug|x64.ActiveCfg = Debug|x64
		{F36BBC08-BF49-4D3F-948E-A54D5502F66C}.Debug|x64.Build.0 = Debug|x64
		{F36BBC08-BF49-4D3F-948E-A54D5502F66C}.Debug|x86.ActiveCfg = Debug|Win32
		{F36BBC08-BF49-4D3F-948E-A54D5502F66C}.Debug|x86.Build.0 = Debug|Win32
		{F36BBC08-BF49-4D3F-948E-A54D5502F66C}.Release|x64.ActiveCfg = Release|x64
		{F36BBC08-BF49-4D3F-948E-A54D5502F66C}.Release|x64.Build.0 = Release|x64
		{F36BBC08-BF49-4D3F-948E-A54D5502F66C}.Release|x86.ActiveCfg = Release|Win32
		{F36BBC08-BF49-4D3F-948E-A54D5502F66C}.Release|x86.Build.0 = Release|Win32
		{6B8BBBE1-4799-4751-9FC6-E2A68E28430F}.Debug|x64.ActiveCfg = Debug|x64
		{6B8BBBE1-4799-4751-9FC6-E2A68E28430F}.Debug|x64.Build.0 = Debug|x64
		{6B8BBBE1-4799-4751-9FC6-E2A68E28430F}.Debug|x86.ActiveCfg = Debug|Win32
		{6B8BBBE1-4799-4751-9FC6-E2A68E28430F}.Debug|x86.Build.0 = Debug|Win32
		{6B8BBBE1-4799-4751-9FC6-E2A68E28430F}.Release|x64.ActiveCfg = Release|x64
		{6B8BBBE1-4799-4751-9FC6-E2A68E28430F}.Release|x64.Build.0 = Release|x64
		{6B8BBBE1-4799-4751-9FC6-E2A68E28430F}.Release|x86.ActiveCfg = Release|Win32
		{6B8BBBE1-4799-4751-9FC6-E2A68E28430F}.Release|x86.Build.0 = Release|Win32
		{BCC6AA0E-4754-4EED-8C48-32E1AB5A5C61}.Debug|x64.ActiveCfg = Debug|x64
		{BCC6AA0E-4754-4EED-8C48-32E1AB5A5C61}.Debug|x64.Build.0 = Debug|x64
		{BCC6AA0E-4754-4EED-8C48-32E1AB5A5C61}.Debug|x86.ActiveCfg = Debug|Win32
		{BCC6AA0E-4754-4EED-8C48-32E1AB5A5C61}.Debug|x86.Build.0 = Debug|Win32
		{BCC6AA0E-4754-4EED-8C48-32E1AB5A5C61}.Release|x64.ActiveCfg = Release|x64
		{BCC6AA0E-4754-4EED-8C48-32E1AB5A5C61}.Release|x64.Build.0 = Release|x64
		{BCC6AA0E-4754-4EED-8C48-32E1AB5A5C61}.Release|x86.ActiveCfg = Release|Win32
		{BCC6AA0E-4754-4EED-8C48-32E1AB5A5C61}.Release|x86.Build.0 = Release|Win32
		{7F66966F-DCF4-4C50-B4E2-C709014F223E}.Debug|x64.ActiveCfg = Debug|x64
		{7F66966F-DCF4-4C50-B4E2-C709014F223E}.Debug|x64.Build.0 = Debug|x64
		{7F66966F-DCF4-4C50-B4E2-C709014F223E}.Debug|x86.ActiveCfg = Debug|Win32
		{7F66966F-DCF4-4C50-B4E2-C709014F223E}.Debug|x86.Build.0 = Debug|Win32
		{7F66966F-DCF4-4C50-B4E2-C709014F223E}.Release|x64.ActiveCfg = Release|x64
		{7F66966F-DCF4-4C50-B4E2-C709014F223E}.Release|x64.Build.0 = Release|x64
		{7F66966F-DCF4-4C50-B4E2-C709014F223E}.Release|x86.ActiveCfg = Release|Win32
		{7F66966F-DCF4-4C50-B4E2-C709014F223E}.Release|x86.Build.0 = Release|Win32
		{B4537184-E7D8-465E-90D1-27DA72203376}.Debug|x64.ActiveCfg = Debug|x64
		{B4537184-E7D8-465E-90D1-27DA72203376}.Debug|x64.Build.0 = Debug|x64
		{B4537184-E7D8-465E-90D1-27DA72203376}.Debug|x86.ActiveCfg = Debug|Win32
		{B4537184-E7D8-465E-90D1-27DA72203376}.Debug|x86.Build.0 = Debug|Win32
		{B4537184-E7D8-465E-90D1-27DA72203376}.Release|x64.ActiveCfg = Release|x64
		{B4537184-E7D8-465E-90D1-27DA72203376}.Release|x64.Build.0 = Release|x64
		{B4537184-E7D8-465E-90D1-27DA72203376}.Release|x86.ActiveCfg = Release|Win32
		{B4537184-E7D8-465E-90D1-27DA72203376}.Release|x86.Build.0 = Release|Win32
		{56B26341-3C5B-4E9A-9219-43A818454660}.Debug|x64.ActiveCfg = Debug|x64
		{56B26341-3C5B-4E9A-9219-43A818454660}.Debug|x64.Build.0 = Debug|x64
		{56B26341-3C5B-4E9A-9219-43A818454660}.Debug|x86.ActiveCfg = Debug|Win32
		{56B26341-3C5B-4E9A-9219-43A818454660}.Debug|x86.Build.0 = Debug|Win32
		{56B26341-3C5B-4E9A-9219-43A818454660}.Release|x64.ActiveCfg = Release|x64
		{56B26341-3C5B-4E9A-9219-43A818454660}.Release|x64.Build.0 = Release|x64
		{56B26341-3C5B-4E9A-9219-43A818454660}.Release|x86.ActiveCfg = Release|Win32
		{56B26341-3C5B-4E9A-9219-43A818454660}.Release|x86.Build.0 = Release|Win32
		{4F5E1B2F-D6B8-49CF-9218-B4A89D02456F}.Debug|x64.ActiveCfg = Debug|x64
		{4F5E1B2F-D6B8-49CF-9218-B4A89D02456F}.Debug|x64.Build.0 = Debug|x64
		{4F5E1B2F-D6B8-49CF-9218-B4A89D02456F}.Debug|x86.ActiveCfg = Debug|Win32
		{4F5E1B2F-D6B8-49CF-9218-B4A89D02456F}.Debug|x86.Build.0 = Debug|Win32
		{4F5E1B2F-D6B8-49CF-9218-B4A89D02456F}.Release|x64.ActiveCfg = Release|x64
		{4F5E1B2F-D6B8-49CF-9218-B4A89D02456F}.Release|x64.Build.0 = Release|x64
		{4F5E1B2F-D6B8-49CF-9218-B4A89D02456F}.Release|x86.ActiveCfg = Release|Win32
		{4F5E1B2F-D6B8-49CF-9218-B4A89D02456F}.Release|x86.Build.0 = Release|Win32
		{83378A05-AACA-4D5B-A058-565081A22C54}.Debug|x64.ActiveCfg = Debug|x64
		{83378A05-AACA-4D5B-A058-565081A22C54}.Debug|x64.Build.0 = Debug|x64
		{83378A05-AACA-4D5B-A058-565081A22C54}.Debug|x86.ActiveCfg = Debug|Win32
		{83378A05-AACA-4D5B-A058-565081A22C54}.Debug|x86.Build.0 = Debug|Win32
		{83378A05-AACA-4D5B-A058-565081A22C54}.Release|x64.ActiveCfg = Release|x64
		{83378A05-AACA-4D5B-A058-565081A22C54}.Release|x64.Build.0 = Release|x64
		{83378A05-AACA-4D5B-A058-565081A22C54}.Release|x86.ActiveCfg = Release|Win32
		{83378A05-AACA-4D5B-A058-565081A22C54}.Release|x86.Build.0 = Release|Win32
		{3E833DEB-7384-4A39-89F3-C634A7938AF3}.Debug|x64.ActiveCfg = Debug|x64
		{3E833DEB-7384-4A39-89F3-C634A7938AF3}.Debug|x64.Build.0 = Debug|x64
		{3E833DEB-7384-4A39-89F3-C634A7938AF3}.Debug|x86.ActiveCfg = Debug|Win32
		{3E833DEB-7384-4A39-89F3-C634A7938AF3}.Debug|x86.Build.0 = Debug|Win32
		{3E833DEB-7384-4A39-89F3-C634A7938AF3}.Release|x64.ActiveCfg = Release|x64
		{3E833DEB-7384-4A39-89F3-C634A7938AF3}.Release|x64.Build.0 = Release|x64
		{3E833DEB-7384-4A39-89F3-C634A7938AF3}.Release|x86.ActiveCfg = Release|Win32
		{3E833DEB-7384-4A39-89F3-C634A7938AF3}.Release|x86.Build.0 = Release|Win32
	EndGlobalSection
	GlobalSection(SolutionProperties) = preSolution
		HideSolutionNode = FALSE
	EndGlobalSection
	GlobalSection(NestedProjects) = preSolution
		{F36BBC08-BF49-4D3F-948E-A54D5502F66C} = {CFAD4064-F009-4D6C-9DE0-3C52DD470BEB}
		{BCC6AA0E-4754-4EED-8C48-32E1AB5A5C61} = {CFAD4064-F009-4D6C-9DE0-3C52DD470BEB}
		{7F66966F-DCF4-4C50-B4E2-C709014F223E} = {CFAD4064-F009-4D6C-9DE0-3C52DD470BEB}
		{B4537184-E7D8-465E-90D1-27DA72203376} = {369BCDC2-D3D7-4017-A134-638AA71C29DB}
		{56B26341-3C5B-4E9A-9219-43A818454660} = {369BCDC2-D3D7-4017-A134-638AA71C29DB}
		{4F5E1B2F-D6B8-49CF-9218-B4A89D02456F} = {1E2196DB-6369-4884-B486-A68FCA27F777}
		{CFAD4064-F009-4D6C-9DE0-3C52DD470BEB} = {369BCDC2-D3D7-4017-A134-638AA71C29DB}
		{1E2196DB-6369-4884-B486-A68FCA27F777} = {369BCDC2-D3D7-4017-A134-638AA71C29DB}
		{83378A05-AACA-4D5B-A058-565081A22C54} = {CFAD4064-F009-4D6C-9DE0-3C52DD470BEB}
		{3E833DEB-7384-4A39-89F3-C634A7938AF3} = {CFAD4064-F009-4D6C-9DE0-3C52DD470BEB}
	EndGlobalSection
EndGlobal
